
Microsoft Visual Studio Solution File, Format Version 12.00
# Visual Studio Version 16
VisualStudioVersion = 16.0.30413.136
MinimumVisualStudioVersion = 10.0.40219.1
Project("{8BC9CEB8-8B4A-11D0-8D11-00A0C91BC942}") = "lab14", "lab14.vcxproj", "{EF713C65-BD07-4B8E-82A2-93CD3714BB52}"
EndProject
Global
	GlobalSection(SolutionConfigurationPlatforms) = preSolution
		Debug|x64 = Debug|x64
		Debug|x86 = Debug|x86
		Release|x64 = Release|x64
		Release|x86 = Release|x86
	EndGlobalSection
	GlobalSection(ProjectConfigurationPlatforms) = postSolution
		{EF713C65-BD07-4B8E-82A2-93CD3714BB52}.Debug|x64.ActiveCfg = Debug|x64
		{EF713C65-BD07-4B8E-82A2-93CD3714BB52}.Debug|x64.Build.0 = Debug|x64
		{EF713C65-BD07-4B8E-82A2-93CD3714BB52}.Debug|x86.ActiveCfg = Debug|Win32
		{EF713C65-BD07-4B8E-82A2-93CD3714BB52}.Debug|x86.Build.0 = Debug|Win32
		{EF713C65-BD07-4B8E-82A2-93CD3714BB52}.Release|x64.ActiveCfg = Release|x64
		{EF713C65-BD07-4B8E-82A2-93CD3714BB52}.Release|x64.Build.0 = Release|x64
		{EF713C65-BD07-4B8E-82A2-93CD3714BB52}.Release|x86.ActiveCfg = Release|Win32
		{EF713C65-BD07-4B8E-82A2-93CD3714BB52}.Release|x86.Build.0 = Release|Win32
	EndGlobalSection
	GlobalSection(SolutionProperties) = preSolution
		HideSolutionNode = FALSE
	EndGlobalSection
	GlobalSection(ExtensibilityGlobals) = postSolution
		SolutionGuid = {9FC0820F-2D07-4442-897F-0915B363B5F3}
	EndGlobalSection
EndGlobal
